
Microsoft Visual Studio Solution File, Format Version 12.00
# Visual Studio Version 17
VisualStudioVersion = 17.6.33717.318
MinimumVisualStudioVersion = 10.0.40219.1
Project("{9A19103F-16F7-4668-BE54-9A1E7A4F7556}") = "API-PostgresTest", "API-PostgresTest\API-PostgresTest.csproj", "{19C949CF-A915-40E7-8C01-F13AE78D9EBC}"
EndProject
Global
	GlobalSection(SolutionConfigurationPlatforms) = preSolution
		Debug|Any CPU = Debug|Any CPU
		Release|Any CPU = Release|Any CPU
	EndGlobalSection
	GlobalSection(ProjectConfigurationPlatforms) = postSolution
		{19C949CF-A915-40E7-8C01-F13AE78D9EBC}.Debug|Any CPU.ActiveCfg = Debug|Any CPU
		{19C949CF-A915-40E7-8C01-F13AE78D9EBC}.Debug|Any CPU.Build.0 = Debug|Any CPU
		{19C949CF-A915-40E7-8C01-F13AE78D9EBC}.Release|Any CPU.ActiveCfg = Release|Any CPU
		{19C949CF-A915-40E7-8C01-F13AE78D9EBC}.Release|Any CPU.Build.0 = Release|Any CPU
	EndGlobalSection
	GlobalSection(SolutionProperties) = preSolution
		HideSolutionNode = FALSE
	EndGlobalSection
	GlobalSection(ExtensibilityGlobals) = postSolution
		SolutionGuid = {AF0BDC93-4573-491C-B888-0C0A1D802EC9}
	EndGlobalSection
EndGlobal
